// !$*UTF8*$!
{
	archiveVersion = 1;
	classes = {
	};
	objectVersion = 56;
	objects = {

/* Begin PBXBuildFile section */
		7F54EE832B70414400EFA489 /* BeanCounterApp.swift in Sources */ = {isa = PBXBuildFile; fileRef = 7F54EE822B70414400EFA489 /* BeanCounterApp.swift */; };
		7F54EE852B70414400EFA489 /* MeetingView.swift in Sources */ = {isa = PBXBuildFile; fileRef = 7F54EE842B70414400EFA489 /* MeetingView.swift */; };
		7F54EE872B70414400EFA489 /* Assets.xcassets in Resources */ = {isa = PBXBuildFile; fileRef = 7F54EE862B70414400EFA489 /* Assets.xcassets */; };
		7F54EE8B2B70414400EFA489 /* Preview Assets.xcassets in Resources */ = {isa = PBXBuildFile; fileRef = 7F54EE8A2B70414400EFA489 /* Preview Assets.xcassets */; };
		7F54EE942B70475900EFA489 /* Theme.swift in Sources */ = {isa = PBXBuildFile; fileRef = 7F54EE932B70475900EFA489 /* Theme.swift */; };
		7F54EE982B70495500EFA489 /* DailyScrum.swift in Sources */ = {isa = PBXBuildFile; fileRef = 7F54EE972B70495500EFA489 /* DailyScrum.swift */; };
		7F54EE9A2B704A9000EFA489 /* CardView.swift in Sources */ = {isa = PBXBuildFile; fileRef = 7F54EE992B704A9000EFA489 /* CardView.swift */; };
		7F54EE9C2B7051FA00EFA489 /* TrailingIconLabelStyle.swift in Sources */ = {isa = PBXBuildFile; fileRef = 7F54EE9B2B7051FA00EFA489 /* TrailingIconLabelStyle.swift */; };
		7F54EE9E2B70538900EFA489 /* ScrumsView.swift in Sources */ = {isa = PBXBuildFile; fileRef = 7F54EE9D2B70538900EFA489 /* ScrumsView.swift */; };
		7F54EEA02B7057CB00EFA489 /* DetailView.swift.swift in Sources */ = {isa = PBXBuildFile; fileRef = 7F54EE9F2B7057CB00EFA489 /* DetailView.swift.swift */; };
/* End PBXBuildFile section */

/* Begin PBXFileReference section */
		7F23C9A52B705D8E00D252FE /* README.md */ = {isa = PBXFileReference; lastKnownFileType = net.daringfireball.markdown; path = README.md; sourceTree = "<group>"; };
		7F54EE7F2B70414400EFA489 /* BeanCounter.app */ = {isa = PBXFileReference; explicitFileType = wrapper.application; includeInIndex = 0; path = BeanCounter.app; sourceTree = BUILT_PRODUCTS_DIR; };
		7F54EE822B70414400EFA489 /* BeanCounterApp.swift */ = {isa = PBXFileReference; lastKnownFileType = sourcecode.swift; path = BeanCounterApp.swift; sourceTree = "<group>"; };
		7F54EE842B70414400EFA489 /* MeetingView.swift */ = {isa = PBXFileReference; lastKnownFileType = sourcecode.swift; path = MeetingView.swift; sourceTree = "<group>"; };
		7F54EE862B70414400EFA489 /* Assets.xcassets */ = {isa = PBXFileReference; lastKnownFileType = folder.assetcatalog; path = Assets.xcassets; sourceTree = "<group>"; };
		7F54EE882B70414400EFA489 /* BeanCounter.entitlements */ = {isa = PBXFileReference; lastKnownFileType = text.plist.entitlements; path = BeanCounter.entitlements; sourceTree = "<group>"; };
		7F54EE8A2B70414400EFA489 /* Preview Assets.xcassets */ = {isa = PBXFileReference; lastKnownFileType = folder.assetcatalog; path = "Preview Assets.xcassets"; sourceTree = "<group>"; };
		7F54EE932B70475900EFA489 /* Theme.swift */ = {isa = PBXFileReference; lastKnownFileType = sourcecode.swift; path = Theme.swift; sourceTree = "<group>"; };
		7F54EE972B70495500EFA489 /* DailyScrum.swift */ = {isa = PBXFileReference; lastKnownFileType = sourcecode.swift; path = DailyScrum.swift; sourceTree = "<group>"; };
		7F54EE992B704A9000EFA489 /* CardView.swift */ = {isa = PBXFileReference; lastKnownFileType = sourcecode.swift; path = CardView.swift; sourceTree = "<group>"; };
		7F54EE9B2B7051FA00EFA489 /* TrailingIconLabelStyle.swift */ = {isa = PBXFileReference; lastKnownFileType = sourcecode.swift; path = TrailingIconLabelStyle.swift; sourceTree = "<group>"; };
		7F54EE9D2B70538900EFA489 /* ScrumsView.swift */ = {isa = PBXFileReference; lastKnownFileType = sourcecode.swift; path = ScrumsView.swift; sourceTree = "<group>"; };
		7F54EE9F2B7057CB00EFA489 /* DetailView.swift.swift */ = {isa = PBXFileReference; lastKnownFileType = sourcecode.swift; path = DetailView.swift.swift; sourceTree = "<group>"; };
/* End PBXFileReference section */

/* Begin PBXFrameworksBuildPhase section */
		7F54EE7C2B70414400EFA489 /* Frameworks */ = {
			isa = PBXFrameworksBuildPhase;
			buildActionMask = 2147483647;
			files = (
			);
			runOnlyForDeploymentPostprocessing = 0;
		};
/* End PBXFrameworksBuildPhase section */

/* Begin PBXGroup section */
		7F54EE762B70414300EFA489 = {
			isa = PBXGroup;
			children = (
				7F23C9A52B705D8E00D252FE /* README.md */,
				7F54EE812B70414400EFA489 /* Scrumdinger */,
				7F54EE802B70414400EFA489 /* Products */,
			);
			sourceTree = "<group>";
		};
		7F54EE802B70414400EFA489 /* Products */ = {
			isa = PBXGroup;
			children = (
				7F54EE7F2B70414400EFA489 /* BeanCounter.app */,
			);
			name = Products;
			sourceTree = "<group>";
		};
		7F54EE812B70414400EFA489 /* Scrumdinger */ = {
			isa = PBXGroup;
			children = (
				7F54EE922B70474400EFA489 /* Models */,
				7F54EE822B70414400EFA489 /* BeanCounterApp.swift */,
				7F54EE842B70414400EFA489 /* MeetingView.swift */,
				7F54EE862B70414400EFA489 /* Assets.xcassets */,
				7F54EE882B70414400EFA489 /* BeanCounter.entitlements */,
				7F54EE892B70414400EFA489 /* Preview Content */,
				7F54EE992B704A9000EFA489 /* CardView.swift */,
				7F54EE9B2B7051FA00EFA489 /* TrailingIconLabelStyle.swift */,
				7F54EE9D2B70538900EFA489 /* ScrumsView.swift */,
				7F54EE9F2B7057CB00EFA489 /* DetailView.swift.swift */,
			);
			path = Scrumdinger;
			sourceTree = "<group>";
		};
		7F54EE892B70414400EFA489 /* Preview Content */ = {
			isa = PBXGroup;
			children = (
				7F54EE8A2B70414400EFA489 /* Preview Assets.xcassets */,
			);
			path = "Preview Content";
			sourceTree = "<group>";
		};
		7F54EE922B70474400EFA489 /* Models */ = {
			isa = PBXGroup;
			children = (
				7F54EE932B70475900EFA489 /* Theme.swift */,
				7F54EE972B70495500EFA489 /* DailyScrum.swift */,
			);
			path = Models;
			sourceTree = "<group>";
		};
/* End PBXGroup section */

/* Begin PBXNativeTarget section */
		7F54EE7E2B70414400EFA489 /* BeanCounter */ = {
			isa = PBXNativeTarget;
			buildConfigurationList = 7F54EE8E2B70414400EFA489 /* Build configuration list for PBXNativeTarget "BeanCounter" */;
			buildPhases = (
				7F54EE7B2B70414400EFA489 /* Sources */,
				7F54EE7C2B70414400EFA489 /* Frameworks */,
				7F54EE7D2B70414400EFA489 /* Resources */,
			);
			buildRules = (
			);
			dependencies = (
			);
			name = BeanCounter;
			productName = BeanCounter;
			productReference = 7F54EE7F2B70414400EFA489 /* BeanCounter.app */;
			productType = "com.apple.product-type.application";
		};
/* End PBXNativeTarget section */

/* Begin PBXProject section */
		7F54EE772B70414300EFA489 /* Project object */ = {
			isa = PBXProject;
			attributes = {
				BuildIndependentTargetsInParallel = 1;
				LastSwiftUpdateCheck = 1420;
				LastUpgradeCheck = 1420;
				TargetAttributes = {
					7F54EE7E2B70414400EFA489 = {
						CreatedOnToolsVersion = 14.2;
					};
				};
			};
			buildConfigurationList = 7F54EE7A2B70414300EFA489 /* Build configuration list for PBXProject "Scrumdinger" */;
			compatibilityVersion = "Xcode 14.0";
			developmentRegion = en;
			hasScannedForEncodings = 0;
			knownRegions = (
				en,
				Base,
			);
			mainGroup = 7F54EE762B70414300EFA489;
			productRefGroup = 7F54EE802B70414400EFA489 /* Products */;
			projectDirPath = "";
			projectRoot = "";
			targets = (
				7F54EE7E2B70414400EFA489 /* BeanCounter */,
			);
		};
/* End PBXProject section */

/* Begin PBXResourcesBuildPhase section */
		7F54EE7D2B70414400EFA489 /* Resources */ = {
			isa = PBXResourcesBuildPhase;
			buildActionMask = 2147483647;
			files = (
				7F54EE8B2B70414400EFA489 /* Preview Assets.xcassets in Resources */,
				7F54EE872B70414400EFA489 /* Assets.xcassets in Resources */,
			);
			runOnlyForDeploymentPostprocessing = 0;
		};
/* End PBXResourcesBuildPhase section */

/* Begin PBXSourcesBuildPhase section */
		7F54EE7B2B70414400EFA489 /* Sources */ = {
			isa = PBXSourcesBuildPhase;
			buildActionMask = 2147483647;
			files = (
				7F54EE982B70495500EFA489 /* DailyScrum.swift in Sources */,
				7F54EE9C2B7051FA00EFA489 /* TrailingIconLabelStyle.swift in Sources */,
				7F54EEA02B7057CB00EFA489 /* DetailView.swift.swift in Sources */,
				7F54EE942B70475900EFA489 /* Theme.swift in Sources */,
				7F54EE852B70414400EFA489 /* MeetingView.swift in Sources */,
				7F54EE9E2B70538900EFA489 /* ScrumsView.swift in Sources */,
				7F54EE832B70414400EFA489 /* BeanCounterApp.swift in Sources */,
				7F54EE9A2B704A9000EFA489 /* CardView.swift in Sources */,
			);
			runOnlyForDeploymentPostprocessing = 0;
		};
/* End PBXSourcesBuildPhase section */

/* Begin XCBuildConfiguration section */
		7F54EE8C2B70414400EFA489 /* Debug */ = {
			isa = XCBuildConfiguration;
			buildSettings = {
				ALWAYS_SEARCH_USER_PATHS = NO;
				CLANG_ANALYZER_NONNULL = YES;
				CLANG_ANALYZER_NUMBER_OBJECT_CONVERSION = YES_AGGRESSIVE;
				CLANG_CXX_LANGUAGE_STANDARD = "gnu++20";
				CLANG_ENABLE_MODULES = YES;
				CLANG_ENABLE_OBJC_ARC = YES;
				CLANG_ENABLE_OBJC_WEAK = YES;
				CLANG_WARN_BLOCK_CAPTURE_AUTORELEASING = YES;
				CLANG_WARN_BOOL_CONVERSION = YES;
				CLANG_WARN_COMMA = YES;
				CLANG_WARN_CONSTANT_CONVERSION = YES;
				CLANG_WARN_DEPRECATED_OBJC_IMPLEMENTATIONS = YES;
				CLANG_WARN_DIRECT_OBJC_ISA_USAGE = YES_ERROR;
				CLANG_WARN_DOCUMENTATION_COMMENTS = YES;
				CLANG_WARN_EMPTY_BODY = YES;
				CLANG_WARN_ENUM_CONVERSION = YES;
				CLANG_WARN_INFINITE_RECURSION = YES;
				CLANG_WARN_INT_CONVERSION = YES;
				CLANG_WARN_NON_LITERAL_NULL_CONVERSION = YES;
				CLANG_WARN_OBJC_IMPLICIT_RETAIN_SELF = YES;
				CLANG_WARN_OBJC_LITERAL_CONVERSION = YES;
				CLANG_WARN_OBJC_ROOT_CLASS = YES_ERROR;
				CLANG_WARN_QUOTED_INCLUDE_IN_FRAMEWORK_HEADER = YES;
				CLANG_WARN_RANGE_LOOP_ANALYSIS = YES;
				CLANG_WARN_STRICT_PROTOTYPES = YES;
				CLANG_WARN_SUSPICIOUS_MOVE = YES;
				CLANG_WARN_UNGUARDED_AVAILABILITY = YES_AGGRESSIVE;
				CLANG_WARN_UNREACHABLE_CODE = YES;
				CLANG_WARN__DUPLICATE_METHOD_MATCH = YES;
				COPY_PHASE_STRIP = NO;
				DEBUG_INFORMATION_FORMAT = dwarf;
				ENABLE_STRICT_OBJC_MSGSEND = YES;
				ENABLE_TESTABILITY = YES;
				GCC_C_LANGUAGE_STANDARD = gnu11;
				GCC_DYNAMIC_NO_PIC = NO;
				GCC_NO_COMMON_BLOCKS = YES;
				GCC_OPTIMIZATION_LEVEL = 0;
				GCC_PREPROCESSOR_DEFINITIONS = (
					"DEBUG=1",
					"$(inherited)",
				);
				GCC_WARN_64_TO_32_BIT_CONVERSION = YES;
				GCC_WARN_ABOUT_RETURN_TYPE = YES_ERROR;
				GCC_WARN_UNDECLARED_SELECTOR = YES;
				GCC_WARN_UNINITIALIZED_AUTOS = YES_AGGRESSIVE;
				GCC_WARN_UNUSED_FUNCTION = YES;
				GCC_WARN_UNUSED_VARIABLE = YES;
				MTL_ENABLE_DEBUG_INFO = INCLUDE_SOURCE;
				MTL_FAST_MATH = YES;
				ONLY_ACTIVE_ARCH = YES;
				SWIFT_ACTIVE_COMPILATION_CONDITIONS = DEBUG;
				SWIFT_OPTIMIZATION_LEVEL = "-Onone";
			};
			name = Debug;
		};
		7F54EE8D2B70414400EFA489 /* Release */ = {
			isa = XCBuildConfiguration;
			buildSettings = {
				ALWAYS_SEARCH_USER_PATHS = NO;
				CLANG_ANALYZER_NONNULL = YES;
				CLANG_ANALYZER_NUMBER_OBJECT_CONVERSION = YES_AGGRESSIVE;
				CLANG_CXX_LANGUAGE_STANDARD = "gnu++20";
				CLANG_ENABLE_MODULES = YES;
				CLANG_ENABLE_OBJC_ARC = YES;
				CLANG_ENABLE_OBJC_WEAK = YES;
				CLANG_WARN_BLOCK_CAPTURE_AUTORELEASING = YES;
				CLANG_WARN_BOOL_CONVERSION = YES;
				CLANG_WARN_COMMA = YES;
				CLANG_WARN_CONSTANT_CONVERSION = YES;
				CLANG_WARN_DEPRECATED_OBJC_IMPLEMENTATIONS = YES;
				CLANG_WARN_DIRECT_OBJC_ISA_USAGE = YES_ERROR;
				CLANG_WARN_DOCUMENTATION_COMMENTS = YES;
				CLANG_WARN_EMPTY_BODY = YES;
				CLANG_WARN_ENUM_CONVERSION = YES;
				CLANG_WARN_INFINITE_RECURSION = YES;
				CLANG_WARN_INT_CONVERSION = YES;
				CLANG_WARN_NON_LITERAL_NULL_CONVERSION = YES;
				CLANG_WARN_OBJC_IMPLICIT_RETAIN_SELF = YES;
				CLANG_WARN_OBJC_LITERAL_CONVERSION = YES;
				CLANG_WARN_OBJC_ROOT_CLASS = YES_ERROR;
				CLANG_WARN_QUOTED_INCLUDE_IN_FRAMEWORK_HEADER = YES;
				CLANG_WARN_RANGE_LOOP_ANALYSIS = YES;
				CLANG_WARN_STRICT_PROTOTYPES = YES;
				CLANG_WARN_SUSPICIOUS_MOVE = YES;
				CLANG_WARN_UNGUARDED_AVAILABILITY = YES_AGGRESSIVE;
				CLANG_WARN_UNREACHABLE_CODE = YES;
				CLANG_WARN__DUPLICATE_METHOD_MATCH = YES;
				COPY_PHASE_STRIP = NO;
				DEBUG_INFORMATION_FORMAT = "dwarf-with-dsym";
				ENABLE_NS_ASSERTIONS = NO;
				ENABLE_STRICT_OBJC_MSGSEND = YES;
				GCC_C_LANGUAGE_STANDARD = gnu11;
				GCC_NO_COMMON_BLOCKS = YES;
				GCC_WARN_64_TO_32_BIT_CONVERSION = YES;
				GCC_WARN_ABOUT_RETURN_TYPE = YES_ERROR;
				GCC_WARN_UNDECLARED_SELECTOR = YES;
				GCC_WARN_UNINITIALIZED_AUTOS = YES_AGGRESSIVE;
				GCC_WARN_UNUSED_FUNCTION = YES;
				GCC_WARN_UNUSED_VARIABLE = YES;
				MTL_ENABLE_DEBUG_INFO = NO;
				MTL_FAST_MATH = YES;
				SWIFT_COMPILATION_MODE = wholemodule;
				SWIFT_OPTIMIZATION_LEVEL = "-O";
			};
			name = Release;
		};
		7F54EE8F2B70414400EFA489 /* Debug */ = {
			isa = XCBuildConfiguration;
			buildSettings = {
				ASSETCATALOG_COMPILER_APPICON_NAME = AppIcon;
				ASSETCATALOG_COMPILER_GLOBAL_ACCENT_COLOR_NAME = AccentColor;
				CODE_SIGN_ENTITLEMENTS = BeanCounter/BeanCounter.entitlements;
				CODE_SIGN_STYLE = Automatic;
				CURRENT_PROJECT_VERSION = 1;
				DEVELOPMENT_ASSET_PATHS = "\"BeanCounter/Preview Content\"";
				DEVELOPMENT_TEAM = TL5G6375VL;
				ENABLE_HARDENED_RUNTIME = YES;
				ENABLE_PREVIEWS = YES;
				GENERATE_INFOPLIST_FILE = YES;
				"INFOPLIST_KEY_UIApplicationSceneManifest_Generation[sdk=iphoneos*]" = YES;
				"INFOPLIST_KEY_UIApplicationSceneManifest_Generation[sdk=iphonesimulator*]" = YES;
				"INFOPLIST_KEY_UIApplicationSupportsIndirectInputEvents[sdk=iphoneos*]" = YES;
				"INFOPLIST_KEY_UIApplicationSupportsIndirectInputEvents[sdk=iphonesimulator*]" = YES;
				"INFOPLIST_KEY_UILaunchScreen_Generation[sdk=iphoneos*]" = YES;
				"INFOPLIST_KEY_UILaunchScreen_Generation[sdk=iphonesimulator*]" = YES;
				"INFOPLIST_KEY_UIStatusBarStyle[sdk=iphoneos*]" = UIStatusBarStyleDefault;
				"INFOPLIST_KEY_UIStatusBarStyle[sdk=iphonesimulator*]" = UIStatusBarStyleDefault;
				INFOPLIST_KEY_UISupportedInterfaceOrientations_iPad = "UIInterfaceOrientationPortrait UIInterfaceOrientationPortraitUpsideDown UIInterfaceOrientationLandscapeLeft UIInterfaceOrientationLandscapeRight";
				INFOPLIST_KEY_UISupportedInterfaceOrientations_iPhone = "UIInterfaceOrientationPortrait UIInterfaceOrientationLandscapeLeft UIInterfaceOrientationLandscapeRight";
				IPHONEOS_DEPLOYMENT_TARGET = 16.2;
				LD_RUNPATH_SEARCH_PATHS = "@executable_path/Frameworks";
				"LD_RUNPATH_SEARCH_PATHS[sdk=macosx*]" = "@executable_path/../Frameworks";
				MACOSX_DEPLOYMENT_TARGET = 12.6;
				MARKETING_VERSION = 1.0;
				PRODUCT_BUNDLE_IDENTIFIER = tom.pritchard.BeanCounter;
				PRODUCT_NAME = "$(TARGET_NAME)";
				SDKROOT = auto;
				SUPPORTED_PLATFORMS = "iphoneos iphonesimulator macosx";
				SWIFT_EMIT_LOC_STRINGS = YES;
				SWIFT_VERSION = 5.0;
				TARGETED_DEVICE_FAMILY = "1,2";
			};
			name = Debug;
		};
		7F54EE902B70414400EFA489 /* Release */ = {
			isa = XCBuildConfiguration;
			buildSettings = {
				ASSETCATALOG_COMPILER_APPICON_NAME = AppIcon;
				ASSETCATALOG_COMPILER_GLOBAL_ACCENT_COLOR_NAME = AccentColor;
				CODE_SIGN_ENTITLEMENTS = BeanCounter/BeanCounter.entitlements;
				CODE_SIGN_STYLE = Automatic;
				CURRENT_PROJECT_VERSION = 1;
				DEVELOPMENT_ASSET_PATHS = "\"BeanCounter/Preview Content\"";
				DEVELOPMENT_TEAM = TL5G6375VL;
				ENABLE_HARDENED_RUNTIME = YES;
				ENABLE_PREVIEWS = YES;
				GENERATE_INFOPLIST_FILE = YES;
				"INFOPLIST_KEY_UIApplicationSceneManifest_Generation[sdk=iphoneos*]" = YES;
				"INFOPLIST_KEY_UIApplicationSceneManifest_Generation[sdk=iphonesimulator*]" = YES;
				"INFOPLIST_KEY_UIApplicationSupportsIndirectInputEvents[sdk=iphoneos*]" = YES;
				"INFOPLIST_KEY_UIApplicationSupportsIndirectInputEvents[sdk=iphonesimulator*]" = YES;
				"INFOPLIST_KEY_UILaunchScreen_Generation[sdk=iphoneos*]" = YES;
				"INFOPLIST_KEY_UILaunchScreen_Generation[sdk=iphonesimulator*]" = YES;
				"INFOPLIST_KEY_UIStatusBarStyle[sdk=iphoneos*]" = UIStatusBarStyleDefault;
				"INFOPLIST_KEY_UIStatusBarStyle[sdk=iphonesimulator*]" = UIStatusBarStyleDefault;
				INFOPLIST_KEY_UISupportedInterfaceOrientations_iPad = "UIInterfaceOrientationPortrait UIInterfaceOrientationPortraitUpsideDown UIInterfaceOrientationLandscapeLeft UIInterfaceOrientationLandscapeRight";
				INFOPLIST_KEY_UISupportedInterfaceOrientations_iPhone = "UIInterfaceOrientationPortrait UIInterfaceOrientationLandscapeLeft UIInterfaceOrientationLandscapeRight";
				IPHONEOS_DEPLOYMENT_TARGET = 16.2;
				LD_RUNPATH_SEARCH_PATHS = "@executable_path/Frameworks";
				"LD_RUNPATH_SEARCH_PATHS[sdk=macosx*]" = "@executable_path/../Frameworks";
				MACOSX_DEPLOYMENT_TARGET = 12.6;
				MARKETING_VERSION = 1.0;
				PRODUCT_BUNDLE_IDENTIFIER = tom.pritchard.BeanCounter;
				PRODUCT_NAME = "$(TARGET_NAME)";
				SDKROOT = auto;
				SUPPORTED_PLATFORMS = "iphoneos iphonesimulator macosx";
				SWIFT_EMIT_LOC_STRINGS = YES;
				SWIFT_VERSION = 5.0;
				TARGETED_DEVICE_FAMILY = "1,2";
			};
			name = Release;
		};
/* End XCBuildConfiguration section */

/* Begin XCConfigurationList section */
		7F54EE7A2B70414300EFA489 /* Build configuration list for PBXProject "Scrumdinger" */ = {
			isa = XCConfigurationList;
			buildConfigurations = (
				7F54EE8C2B70414400EFA489 /* Debug */,
				7F54EE8D2B70414400EFA489 /* Release */,
			);
			defaultConfigurationIsVisible = 0;
			defaultConfigurationName = Release;
		};
		7F54EE8E2B70414400EFA489 /* Build configuration list for PBXNativeTarget "BeanCounter" */ = {
			isa = XCConfigurationList;
			buildConfigurations = (
				7F54EE8F2B70414400EFA489 /* Debug */,
				7F54EE902B70414400EFA489 /* Release */,
			);
			defaultConfigurationIsVisible = 0;
			defaultConfigurationName = Release;
		};
/* End XCConfigurationList section */
	};
	rootObject = 7F54EE772B70414300EFA489 /* Project object */;
}
